{
  "object": {
    "pins": [
      {
        "package": "GherkinSwift",
        "repositoryURL": "https://github.com/danwaltin/GherkinSwift",
        "state": {
          "branch": null,
          "revision": "9b81b48edc48954f29baaf067b10f864b12b4813",
          "version": "1.0.0"
        }
      }
    ]
  },
  "version": 1
}
