// !$*UTF8*$!
{
	archiveVersion = 1;
	classes = {
	};
	objectVersion = 52;
	objects = {

/* Begin PBXBuildFile section */
		371F3D9C2103467600F2B87E /* ReflectionTests.swift in Sources */ = {isa = PBXBuildFile; fileRef = 371F3D9B2103467600F2B87E /* ReflectionTests.swift */; };
		37993B2A1DFD51D200CD80F9 /* TableColumnsTests.swift in Sources */ = {isa = PBXBuildFile; fileRef = 37993B271DFD51D200CD80F9 /* TableColumnsTests.swift */; };
		37993B2B1DFD51D200CD80F9 /* TableEqualityTests.swift in Sources */ = {isa = PBXBuildFile; fileRef = 37993B281DFD51D200CD80F9 /* TableEqualityTests.swift */; };
		37993B2C1DFD51D200CD80F9 /* TableRowsTests.swift in Sources */ = {isa = PBXBuildFile; fileRef = 37993B291DFD51D200CD80F9 /* TableRowsTests.swift */; };
		37993B3A1DFD55CF00CD80F9 /* ParseFeatureInformationTests.swift in Sources */ = {isa = PBXBuildFile; fileRef = 37993B341DFD55CF00CD80F9 /* ParseFeatureInformationTests.swift */; };
		37993B3B1DFD55CF00CD80F9 /* ParseScenarioOutlinesTests.swift in Sources */ = {isa = PBXBuildFile; fileRef = 37993B351DFD55CF00CD80F9 /* ParseScenarioOutlinesTests.swift */; };
		37993B3C1DFD55CF00CD80F9 /* ParseScenariosTests.swift in Sources */ = {isa = PBXBuildFile; fileRef = 37993B361DFD55CF00CD80F9 /* ParseScenariosTests.swift */; };
		37993B3D1DFD55CF00CD80F9 /* ParseSeveralFeaturesWithSameInstance.swift in Sources */ = {isa = PBXBuildFile; fileRef = 37993B371DFD55CF00CD80F9 /* ParseSeveralFeaturesWithSameInstance.swift */; };
		37993B3E1DFD55CF00CD80F9 /* ParseTagsTest.swift in Sources */ = {isa = PBXBuildFile; fileRef = 37993B381DFD55CF00CD80F9 /* ParseTagsTest.swift */; };
		37993B3F1DFD55CF00CD80F9 /* TestParseBase.swift in Sources */ = {isa = PBXBuildFile; fileRef = 37993B391DFD55CF00CD80F9 /* TestParseBase.swift */; };
		37993B451DFD55FE00CD80F9 /* Feature.swift in Sources */ = {isa = PBXBuildFile; fileRef = 37993B401DFD55FE00CD80F9 /* Feature.swift */; };
		37993B461DFD55FE00CD80F9 /* HasTitle.swift in Sources */ = {isa = PBXBuildFile; fileRef = 37993B411DFD55FE00CD80F9 /* HasTitle.swift */; };
		37993B471DFD55FE00CD80F9 /* Scenario.swift in Sources */ = {isa = PBXBuildFile; fileRef = 37993B421DFD55FE00CD80F9 /* Scenario.swift */; };
		37993B481DFD55FE00CD80F9 /* Step.swift in Sources */ = {isa = PBXBuildFile; fileRef = 37993B431DFD55FE00CD80F9 /* Step.swift */; };
		37993B491DFD55FE00CD80F9 /* Taggable.swift in Sources */ = {isa = PBXBuildFile; fileRef = 37993B441DFD55FE00CD80F9 /* Taggable.swift */; };
		37993B541DFD563B00CD80F9 /* FeatureParser.swift in Sources */ = {isa = PBXBuildFile; fileRef = 37993B4B1DFD563B00CD80F9 /* FeatureParser.swift */; };
		37993B551DFD563B00CD80F9 /* FeatureScanner.swift in Sources */ = {isa = PBXBuildFile; fileRef = 37993B4C1DFD563B00CD80F9 /* FeatureScanner.swift */; };
		37993B561DFD563B00CD80F9 /* GherkinFeatureParser.swift in Sources */ = {isa = PBXBuildFile; fileRef = 37993B4D1DFD563B00CD80F9 /* GherkinFeatureParser.swift */; };
		37993B571DFD563B00CD80F9 /* ScanningStringExtension.swift in Sources */ = {isa = PBXBuildFile; fileRef = 37993B4E1DFD563B00CD80F9 /* ScanningStringExtension.swift */; };
		37993B581DFD563B00CD80F9 /* ScenarioOutlineScanner.swift in Sources */ = {isa = PBXBuildFile; fileRef = 37993B4F1DFD563B00CD80F9 /* ScenarioOutlineScanner.swift */; };
		37993B591DFD563B00CD80F9 /* ScenarioScanner.swift in Sources */ = {isa = PBXBuildFile; fileRef = 37993B501DFD563B00CD80F9 /* ScenarioScanner.swift */; };
		37993B5A1DFD563B00CD80F9 /* StepScanner.swift in Sources */ = {isa = PBXBuildFile; fileRef = 37993B511DFD563B00CD80F9 /* StepScanner.swift */; };
		37993B5B1DFD563B00CD80F9 /* TableScanner.swift in Sources */ = {isa = PBXBuildFile; fileRef = 37993B521DFD563B00CD80F9 /* TableScanner.swift */; };
		37993B5C1DFD563B00CD80F9 /* TagScanner.swift in Sources */ = {isa = PBXBuildFile; fileRef = 37993B531DFD563B00CD80F9 /* TagScanner.swift */; };
		37993B611DFD574C00CD80F9 /* SetAndGetScenarioContextValuesTests.swift in Sources */ = {isa = PBXBuildFile; fileRef = 37993B5F1DFD574C00CD80F9 /* SetAndGetScenarioContextValuesTests.swift */; };
		37993B641DFD577700CD80F9 /* ScenarioContext.swift in Sources */ = {isa = PBXBuildFile; fileRef = 37993B631DFD577700CD80F9 /* ScenarioContext.swift */; };
		37993B6B1DFD583600CD80F9 /* ExecuteRegistredBindingTests.swift in Sources */ = {isa = PBXBuildFile; fileRef = 37993B661DFD583600CD80F9 /* ExecuteRegistredBindingTests.swift */; };
		37993B6C1DFD583600CD80F9 /* ExecuteStepBindingFunctionTests.swift in Sources */ = {isa = PBXBuildFile; fileRef = 37993B671DFD583600CD80F9 /* ExecuteStepBindingFunctionTests.swift */; };
		37993B6D1DFD583600CD80F9 /* MatchesTests.swift in Sources */ = {isa = PBXBuildFile; fileRef = 37993B681DFD583600CD80F9 /* MatchesTests.swift */; };
		37993B6E1DFD583600CD80F9 /* MockBindingsRepository.swift in Sources */ = {isa = PBXBuildFile; fileRef = 37993B691DFD583600CD80F9 /* MockBindingsRepository.swift */; };
		37993B6F1DFD583600CD80F9 /* MockStepBinding.swift in Sources */ = {isa = PBXBuildFile; fileRef = 37993B6A1DFD583600CD80F9 /* MockStepBinding.swift */; };
		37993B7C1DFD584C00CD80F9 /* Bindings.swift in Sources */ = {isa = PBXBuildFile; fileRef = 37993B711DFD584C00CD80F9 /* Bindings.swift */; };
		37993B7D1DFD584C00CD80F9 /* BindingsParameters.swift in Sources */ = {isa = PBXBuildFile; fileRef = 37993B721DFD584C00CD80F9 /* BindingsParameters.swift */; };
		37993B7E1DFD584C00CD80F9 /* BindingsRegistry.swift in Sources */ = {isa = PBXBuildFile; fileRef = 37993B731DFD584C00CD80F9 /* BindingsRegistry.swift */; };
		37993B7F1DFD584C00CD80F9 /* BindingsRegistryImplementation.swift in Sources */ = {isa = PBXBuildFile; fileRef = 37993B741DFD584C00CD80F9 /* BindingsRegistryImplementation.swift */; };
		37993B801DFD584C00CD80F9 /* BindingsRepository.swift in Sources */ = {isa = PBXBuildFile; fileRef = 37993B751DFD584C00CD80F9 /* BindingsRepository.swift */; };
		37993B811DFD584C00CD80F9 /* BindingsRepositoryImplementation.swift in Sources */ = {isa = PBXBuildFile; fileRef = 37993B761DFD584C00CD80F9 /* BindingsRepositoryImplementation.swift */; };
		37993B821DFD584C00CD80F9 /* Ignore.swift in Sources */ = {isa = PBXBuildFile; fileRef = 37993B771DFD584C00CD80F9 /* Ignore.swift */; };
		37993B831DFD584C00CD80F9 /* StepBinding.swift in Sources */ = {isa = PBXBuildFile; fileRef = 37993B781DFD584C00CD80F9 /* StepBinding.swift */; };
		37993B841DFD584C00CD80F9 /* StepBindingImplementation.swift in Sources */ = {isa = PBXBuildFile; fileRef = 37993B791DFD584C00CD80F9 /* StepBindingImplementation.swift */; };
		37993B851DFD584C00CD80F9 /* TestExecutionError.swift in Sources */ = {isa = PBXBuildFile; fileRef = 37993B7A1DFD584C00CD80F9 /* TestExecutionError.swift */; };
		37993B861DFD584C00CD80F9 /* TestRunner.swift in Sources */ = {isa = PBXBuildFile; fileRef = 37993B7B1DFD584C00CD80F9 /* TestRunner.swift */; };
		37993B881DFD589400CD80F9 /* Reflection.swift in Sources */ = {isa = PBXBuildFile; fileRef = 37993B871DFD589400CD80F9 /* Reflection.swift */; };
		37993B911DFD5A9A00CD80F9 /* ContentOfGeneratedUnitTestFilesTests.swift in Sources */ = {isa = PBXBuildFile; fileRef = 37993B8A1DFD5A9A00CD80F9 /* ContentOfGeneratedUnitTestFilesTests.swift */; };
		37993B921DFD5A9A00CD80F9 /* GeneratedUnitTestFilesTests.swift in Sources */ = {isa = PBXBuildFile; fileRef = 37993B8B1DFD5A9A00CD80F9 /* GeneratedUnitTestFilesTests.swift */; };
		37993B931DFD5A9A00CD80F9 /* MockFeatureParser.swift in Sources */ = {isa = PBXBuildFile; fileRef = 37993B8C1DFD5A9A00CD80F9 /* MockFeatureParser.swift */; };
		37993B941DFD5A9A00CD80F9 /* MockFileSystem.swift in Sources */ = {isa = PBXBuildFile; fileRef = 37993B8D1DFD5A9A00CD80F9 /* MockFileSystem.swift */; };
		37993B951DFD5A9A00CD80F9 /* MockUnitTestGenerator.swift in Sources */ = {isa = PBXBuildFile; fileRef = 37993B8E1DFD5A9A00CD80F9 /* MockUnitTestGenerator.swift */; };
		37993B961DFD5A9A00CD80F9 /* ScenarioContentUnitTestTests.swift in Sources */ = {isa = PBXBuildFile; fileRef = 37993B8F1DFD5A9A00CD80F9 /* ScenarioContentUnitTestTests.swift */; };
		37993B971DFD5A9A00CD80F9 /* TestFileGenerationBase.swift in Sources */ = {isa = PBXBuildFile; fileRef = 37993B901DFD5A9A00CD80F9 /* TestFileGenerationBase.swift */; };
		37993B9C1DFD5AF300CD80F9 /* CocoaFileSystem.swift in Sources */ = {isa = PBXBuildFile; fileRef = 37993B981DFD5AF300CD80F9 /* CocoaFileSystem.swift */; };
		37993B9D1DFD5AF300CD80F9 /* FileSystem.swift in Sources */ = {isa = PBXBuildFile; fileRef = 37993B991DFD5AF300CD80F9 /* FileSystem.swift */; };
		37993B9E1DFD5AF300CD80F9 /* UnitTestGenerator.swift in Sources */ = {isa = PBXBuildFile; fileRef = 37993B9A1DFD5AF300CD80F9 /* UnitTestGenerator.swift */; };
		37993B9F1DFD5AF300CD80F9 /* XCUnitTestGenerator.swift in Sources */ = {isa = PBXBuildFile; fileRef = 37993B9B1DFD5AF300CD80F9 /* XCUnitTestGenerator.swift */; };
		37993BA11DFD5BAD00CD80F9 /* TestFileWriter.swift in Sources */ = {isa = PBXBuildFile; fileRef = 37993BA01DFD5BAD00CD80F9 /* TestFileWriter.swift */; };
		37993BB61E06796000CD80F9 /* BasicFeatureTests.swift in Sources */ = {isa = PBXBuildFile; fileRef = 37993BA61E06796000CD80F9 /* BasicFeatureTests.swift */; };
		37993BB71E06796000CD80F9 /* BasicFeatureBindings.swift in Sources */ = {isa = PBXBuildFile; fileRef = 37993BA81E06796000CD80F9 /* BasicFeatureBindings.swift */; };
		37993BB81E06796000CD80F9 /* ScenarioContextBindings.swift in Sources */ = {isa = PBXBuildFile; fileRef = 37993BA91E06796000CD80F9 /* ScenarioContextBindings.swift */; };
		37993BB91E06796000CD80F9 /* StepParameterBindings.swift in Sources */ = {isa = PBXBuildFile; fileRef = 37993BAA1E06796000CD80F9 /* StepParameterBindings.swift */; };
		37993BBA1E06796000CD80F9 /* TagsBindings.swift in Sources */ = {isa = PBXBuildFile; fileRef = 37993BAB1E06796000CD80F9 /* TagsBindings.swift */; };
		37993BBB1E06796000CD80F9 /* IgnoredFeatureTests.swift in Sources */ = {isa = PBXBuildFile; fileRef = 37993BAD1E06796000CD80F9 /* IgnoredFeatureTests.swift */; };
		37993BBC1E06796000CD80F9 /* IgnoredScenarioTests.swift in Sources */ = {isa = PBXBuildFile; fileRef = 37993BAF1E06796000CD80F9 /* IgnoredScenarioTests.swift */; };
		37993BBD1E06796000CD80F9 /* ScenarioContextTests.swift in Sources */ = {isa = PBXBuildFile; fileRef = 37993BB11E06796000CD80F9 /* ScenarioContextTests.swift */; };
		37993BBE1E06796000CD80F9 /* StepParametersTests.swift in Sources */ = {isa = PBXBuildFile; fileRef = 37993BB31E06796000CD80F9 /* StepParametersTests.swift */; };
		37993BBF1E06796000CD80F9 /* TagsTests.swift in Sources */ = {isa = PBXBuildFile; fileRef = 37993BB51E06796000CD80F9 /* TagsTests.swift */; };
		3799842B1ECBA16000784AB7 /* main.swift in Sources */ = {isa = PBXBuildFile; fileRef = 3799842A1ECBA16000784AB7 /* main.swift */; };
		3799842D1ECCCAE100784AB7 /* Builder.swift in Sources */ = {isa = PBXBuildFile; fileRef = 3799842C1ECCCAE100784AB7 /* Builder.swift */; };
		3799BB581EFE8DCA00E98071 /* StringExtensions.swift in Sources */ = {isa = PBXBuildFile; fileRef = 3799BB571EFE8DCA00E98071 /* StringExtensions.swift */; };
		37E9E785249CEA850015FAC2 /* PickleTestDataFilesTests.swift in Sources */ = {isa = PBXBuildFile; fileRef = 37E9E784249CEA850015FAC2 /* PickleTestDataFilesTests.swift */; };
		37E9E855249CFCD10015FAC2 /* PickledFeature.swift in Sources */ = {isa = PBXBuildFile; fileRef = 37E9E854249CFCD10015FAC2 /* PickledFeature.swift */; };
		37E9E859249D13F30015FAC2 /* GherkinSwift in Frameworks */ = {isa = PBXBuildFile; productRef = 37E9E858249D13F30015FAC2 /* GherkinSwift */; };
		OBJ_30 /* SwiftSpec.framework in Frameworks */ = {isa = PBXBuildFile; fileRef = OBJ_14 /* SwiftSpec.framework */; };
/* End PBXBuildFile section */

/* Begin PBXContainerItemProxy section */
		37993B231DFD474800CD80F9 /* PBXContainerItemProxy */ = {
			isa = PBXContainerItemProxy;
			containerPortal = OBJ_1 /* Project object */;
			proxyType = 1;
			remoteGlobalIDString = OBJ_16;
			remoteInfo = SwiftSpec;
		};
/* End PBXContainerItemProxy section */

/* Begin PBXFileReference section */
		371F3D9B2103467600F2B87E /* ReflectionTests.swift */ = {isa = PBXFileReference; lastKnownFileType = sourcecode.swift; path = ReflectionTests.swift; sourceTree = "<group>"; };
		37993B241DFD48DE00CD80F9 /* README.md */ = {isa = PBXFileReference; fileEncoding = 4; lastKnownFileType = net.daringfireball.markdown; path = README.md; sourceTree = "<group>"; };
		37993B271DFD51D200CD80F9 /* TableColumnsTests.swift */ = {isa = PBXFileReference; fileEncoding = 4; lastKnownFileType = sourcecode.swift; path = TableColumnsTests.swift; sourceTree = "<group>"; };
		37993B281DFD51D200CD80F9 /* TableEqualityTests.swift */ = {isa = PBXFileReference; fileEncoding = 4; lastKnownFileType = sourcecode.swift; path = TableEqualityTests.swift; sourceTree = "<group>"; };
		37993B291DFD51D200CD80F9 /* TableRowsTests.swift */ = {isa = PBXFileReference; fileEncoding = 4; lastKnownFileType = sourcecode.swift; path = TableRowsTests.swift; sourceTree = "<group>"; };
		37993B341DFD55CF00CD80F9 /* ParseFeatureInformationTests.swift */ = {isa = PBXFileReference; fileEncoding = 4; lastKnownFileType = sourcecode.swift; path = ParseFeatureInformationTests.swift; sourceTree = "<group>"; };
		37993B351DFD55CF00CD80F9 /* ParseScenarioOutlinesTests.swift */ = {isa = PBXFileReference; fileEncoding = 4; lastKnownFileType = sourcecode.swift; path = ParseScenarioOutlinesTests.swift; sourceTree = "<group>"; };
		37993B361DFD55CF00CD80F9 /* ParseScenariosTests.swift */ = {isa = PBXFileReference; fileEncoding = 4; lastKnownFileType = sourcecode.swift; path = ParseScenariosTests.swift; sourceTree = "<group>"; };
		37993B371DFD55CF00CD80F9 /* ParseSeveralFeaturesWithSameInstance.swift */ = {isa = PBXFileReference; fileEncoding = 4; lastKnownFileType = sourcecode.swift; path = ParseSeveralFeaturesWithSameInstance.swift; sourceTree = "<group>"; };
		37993B381DFD55CF00CD80F9 /* ParseTagsTest.swift */ = {isa = PBXFileReference; fileEncoding = 4; lastKnownFileType = sourcecode.swift; path = ParseTagsTest.swift; sourceTree = "<group>"; };
		37993B391DFD55CF00CD80F9 /* TestParseBase.swift */ = {isa = PBXFileReference; fileEncoding = 4; lastKnownFileType = sourcecode.swift; path = TestParseBase.swift; sourceTree = "<group>"; };
		37993B401DFD55FE00CD80F9 /* Feature.swift */ = {isa = PBXFileReference; fileEncoding = 4; lastKnownFileType = sourcecode.swift; path = Feature.swift; sourceTree = "<group>"; };
		37993B411DFD55FE00CD80F9 /* HasTitle.swift */ = {isa = PBXFileReference; fileEncoding = 4; lastKnownFileType = sourcecode.swift; path = HasTitle.swift; sourceTree = "<group>"; };
		37993B421DFD55FE00CD80F9 /* Scenario.swift */ = {isa = PBXFileReference; fileEncoding = 4; lastKnownFileType = sourcecode.swift; path = Scenario.swift; sourceTree = "<group>"; };
		37993B431DFD55FE00CD80F9 /* Step.swift */ = {isa = PBXFileReference; fileEncoding = 4; lastKnownFileType = sourcecode.swift; path = Step.swift; sourceTree = "<group>"; };
		37993B441DFD55FE00CD80F9 /* Taggable.swift */ = {isa = PBXFileReference; fileEncoding = 4; lastKnownFileType = sourcecode.swift; path = Taggable.swift; sourceTree = "<group>"; };
		37993B4B1DFD563B00CD80F9 /* FeatureParser.swift */ = {isa = PBXFileReference; fileEncoding = 4; lastKnownFileType = sourcecode.swift; path = FeatureParser.swift; sourceTree = "<group>"; };
		37993B4C1DFD563B00CD80F9 /* FeatureScanner.swift */ = {isa = PBXFileReference; fileEncoding = 4; lastKnownFileType = sourcecode.swift; path = FeatureScanner.swift; sourceTree = "<group>"; };
		37993B4D1DFD563B00CD80F9 /* GherkinFeatureParser.swift */ = {isa = PBXFileReference; fileEncoding = 4; lastKnownFileType = sourcecode.swift; path = GherkinFeatureParser.swift; sourceTree = "<group>"; };
		37993B4E1DFD563B00CD80F9 /* ScanningStringExtension.swift */ = {isa = PBXFileReference; fileEncoding = 4; lastKnownFileType = sourcecode.swift; path = ScanningStringExtension.swift; sourceTree = "<group>"; };
		37993B4F1DFD563B00CD80F9 /* ScenarioOutlineScanner.swift */ = {isa = PBXFileReference; fileEncoding = 4; lastKnownFileType = sourcecode.swift; path = ScenarioOutlineScanner.swift; sourceTree = "<group>"; };
		37993B501DFD563B00CD80F9 /* ScenarioScanner.swift */ = {isa = PBXFileReference; fileEncoding = 4; lastKnownFileType = sourcecode.swift; path = ScenarioScanner.swift; sourceTree = "<group>"; };
		37993B511DFD563B00CD80F9 /* StepScanner.swift */ = {isa = PBXFileReference; fileEncoding = 4; lastKnownFileType = sourcecode.swift; path = StepScanner.swift; sourceTree = "<group>"; };
		37993B521DFD563B00CD80F9 /* TableScanner.swift */ = {isa = PBXFileReference; fileEncoding = 4; lastKnownFileType = sourcecode.swift; path = TableScanner.swift; sourceTree = "<group>"; };
		37993B531DFD563B00CD80F9 /* TagScanner.swift */ = {isa = PBXFileReference; fileEncoding = 4; lastKnownFileType = sourcecode.swift; path = TagScanner.swift; sourceTree = "<group>"; };
		37993B5F1DFD574C00CD80F9 /* SetAndGetScenarioContextValuesTests.swift */ = {isa = PBXFileReference; fileEncoding = 4; lastKnownFileType = sourcecode.swift; path = SetAndGetScenarioContextValuesTests.swift; sourceTree = "<group>"; };
		37993B631DFD577700CD80F9 /* ScenarioContext.swift */ = {isa = PBXFileReference; fileEncoding = 4; lastKnownFileType = sourcecode.swift; path = ScenarioContext.swift; sourceTree = "<group>"; };
		37993B661DFD583600CD80F9 /* ExecuteRegistredBindingTests.swift */ = {isa = PBXFileReference; fileEncoding = 4; lastKnownFileType = sourcecode.swift; path = ExecuteRegistredBindingTests.swift; sourceTree = "<group>"; };
		37993B671DFD583600CD80F9 /* ExecuteStepBindingFunctionTests.swift */ = {isa = PBXFileReference; fileEncoding = 4; lastKnownFileType = sourcecode.swift; path = ExecuteStepBindingFunctionTests.swift; sourceTree = "<group>"; };
		37993B681DFD583600CD80F9 /* MatchesTests.swift */ = {isa = PBXFileReference; fileEncoding = 4; lastKnownFileType = sourcecode.swift; path = MatchesTests.swift; sourceTree = "<group>"; };
		37993B691DFD583600CD80F9 /* MockBindingsRepository.swift */ = {isa = PBXFileReference; fileEncoding = 4; lastKnownFileType = sourcecode.swift; path = MockBindingsRepository.swift; sourceTree = "<group>"; };
		37993B6A1DFD583600CD80F9 /* MockStepBinding.swift */ = {isa = PBXFileReference; fileEncoding = 4; lastKnownFileType = sourcecode.swift; path = MockStepBinding.swift; sourceTree = "<group>"; };
		37993B711DFD584C00CD80F9 /* Bindings.swift */ = {isa = PBXFileReference; fileEncoding = 4; lastKnownFileType = sourcecode.swift; path = Bindings.swift; sourceTree = "<group>"; };
		37993B721DFD584C00CD80F9 /* BindingsParameters.swift */ = {isa = PBXFileReference; fileEncoding = 4; lastKnownFileType = sourcecode.swift; path = BindingsParameters.swift; sourceTree = "<group>"; };
		37993B731DFD584C00CD80F9 /* BindingsRegistry.swift */ = {isa = PBXFileReference; fileEncoding = 4; lastKnownFileType = sourcecode.swift; path = BindingsRegistry.swift; sourceTree = "<group>"; };
		37993B741DFD584C00CD80F9 /* BindingsRegistryImplementation.swift */ = {isa = PBXFileReference; fileEncoding = 4; lastKnownFileType = sourcecode.swift; path = BindingsRegistryImplementation.swift; sourceTree = "<group>"; };
		37993B751DFD584C00CD80F9 /* BindingsRepository.swift */ = {isa = PBXFileReference; fileEncoding = 4; lastKnownFileType = sourcecode.swift; path = BindingsRepository.swift; sourceTree = "<group>"; };
		37993B761DFD584C00CD80F9 /* BindingsRepositoryImplementation.swift */ = {isa = PBXFileReference; fileEncoding = 4; lastKnownFileType = sourcecode.swift; path = BindingsRepositoryImplementation.swift; sourceTree = "<group>"; };
		37993B771DFD584C00CD80F9 /* Ignore.swift */ = {isa = PBXFileReference; fileEncoding = 4; lastKnownFileType = sourcecode.swift; path = Ignore.swift; sourceTree = "<group>"; };
		37993B781DFD584C00CD80F9 /* StepBinding.swift */ = {isa = PBXFileReference; fileEncoding = 4; lastKnownFileType = sourcecode.swift; path = StepBinding.swift; sourceTree = "<group>"; };
		37993B791DFD584C00CD80F9 /* StepBindingImplementation.swift */ = {isa = PBXFileReference; fileEncoding = 4; lastKnownFileType = sourcecode.swift; path = StepBindingImplementation.swift; sourceTree = "<group>"; };
		37993B7A1DFD584C00CD80F9 /* TestExecutionError.swift */ = {isa = PBXFileReference; fileEncoding = 4; lastKnownFileType = sourcecode.swift; path = TestExecutionError.swift; sourceTree = "<group>"; };
		37993B7B1DFD584C00CD80F9 /* TestRunner.swift */ = {isa = PBXFileReference; fileEncoding = 4; lastKnownFileType = sourcecode.swift; path = TestRunner.swift; sourceTree = "<group>"; };
		37993B871DFD589400CD80F9 /* Reflection.swift */ = {isa = PBXFileReference; fileEncoding = 4; lastKnownFileType = sourcecode.swift; path = Reflection.swift; sourceTree = "<group>"; };
		37993B8A1DFD5A9A00CD80F9 /* ContentOfGeneratedUnitTestFilesTests.swift */ = {isa = PBXFileReference; fileEncoding = 4; lastKnownFileType = sourcecode.swift; path = ContentOfGeneratedUnitTestFilesTests.swift; sourceTree = "<group>"; };
		37993B8B1DFD5A9A00CD80F9 /* GeneratedUnitTestFilesTests.swift */ = {isa = PBXFileReference; fileEncoding = 4; lastKnownFileType = sourcecode.swift; path = GeneratedUnitTestFilesTests.swift; sourceTree = "<group>"; };
		37993B8C1DFD5A9A00CD80F9 /* MockFeatureParser.swift */ = {isa = PBXFileReference; fileEncoding = 4; lastKnownFileType = sourcecode.swift; path = MockFeatureParser.swift; sourceTree = "<group>"; };
		37993B8D1DFD5A9A00CD80F9 /* MockFileSystem.swift */ = {isa = PBXFileReference; fileEncoding = 4; lastKnownFileType = sourcecode.swift; path = MockFileSystem.swift; sourceTree = "<group>"; };
		37993B8E1DFD5A9A00CD80F9 /* MockUnitTestGenerator.swift */ = {isa = PBXFileReference; fileEncoding = 4; lastKnownFileType = sourcecode.swift; path = MockUnitTestGenerator.swift; sourceTree = "<group>"; };
		37993B8F1DFD5A9A00CD80F9 /* ScenarioContentUnitTestTests.swift */ = {isa = PBXFileReference; fileEncoding = 4; lastKnownFileType = sourcecode.swift; path = ScenarioContentUnitTestTests.swift; sourceTree = "<group>"; };
		37993B901DFD5A9A00CD80F9 /* TestFileGenerationBase.swift */ = {isa = PBXFileReference; fileEncoding = 4; lastKnownFileType = sourcecode.swift; path = TestFileGenerationBase.swift; sourceTree = "<group>"; };
		37993B981DFD5AF300CD80F9 /* CocoaFileSystem.swift */ = {isa = PBXFileReference; fileEncoding = 4; lastKnownFileType = sourcecode.swift; path = CocoaFileSystem.swift; sourceTree = "<group>"; };
		37993B991DFD5AF300CD80F9 /* FileSystem.swift */ = {isa = PBXFileReference; fileEncoding = 4; lastKnownFileType = sourcecode.swift; path = FileSystem.swift; sourceTree = "<group>"; };
		37993B9A1DFD5AF300CD80F9 /* UnitTestGenerator.swift */ = {isa = PBXFileReference; fileEncoding = 4; lastKnownFileType = sourcecode.swift; path = UnitTestGenerator.swift; sourceTree = "<group>"; };
		37993B9B1DFD5AF300CD80F9 /* XCUnitTestGenerator.swift */ = {isa = PBXFileReference; fileEncoding = 4; lastKnownFileType = sourcecode.swift; path = XCUnitTestGenerator.swift; sourceTree = "<group>"; };
		37993BA01DFD5BAD00CD80F9 /* TestFileWriter.swift */ = {isa = PBXFileReference; fileEncoding = 4; lastKnownFileType = sourcecode.swift; path = TestFileWriter.swift; sourceTree = "<group>"; };
		37993BA51E06796000CD80F9 /* BasicFeature.feature */ = {isa = PBXFileReference; fileEncoding = 4; lastKnownFileType = text; path = BasicFeature.feature; sourceTree = "<group>"; };
		37993BA61E06796000CD80F9 /* BasicFeatureTests.swift */ = {isa = PBXFileReference; fileEncoding = 4; lastKnownFileType = sourcecode.swift; path = BasicFeatureTests.swift; sourceTree = "<group>"; };
		37993BA81E06796000CD80F9 /* BasicFeatureBindings.swift */ = {isa = PBXFileReference; fileEncoding = 4; lastKnownFileType = sourcecode.swift; path = BasicFeatureBindings.swift; sourceTree = "<group>"; };
		37993BA91E06796000CD80F9 /* ScenarioContextBindings.swift */ = {isa = PBXFileReference; fileEncoding = 4; lastKnownFileType = sourcecode.swift; path = ScenarioContextBindings.swift; sourceTree = "<group>"; };
		37993BAA1E06796000CD80F9 /* StepParameterBindings.swift */ = {isa = PBXFileReference; fileEncoding = 4; lastKnownFileType = sourcecode.swift; path = StepParameterBindings.swift; sourceTree = "<group>"; };
		37993BAB1E06796000CD80F9 /* TagsBindings.swift */ = {isa = PBXFileReference; fileEncoding = 4; lastKnownFileType = sourcecode.swift; path = TagsBindings.swift; sourceTree = "<group>"; };
		37993BAC1E06796000CD80F9 /* IgnoredFeature.feature */ = {isa = PBXFileReference; fileEncoding = 4; lastKnownFileType = text; path = IgnoredFeature.feature; sourceTree = "<group>"; };
		37993BAD1E06796000CD80F9 /* IgnoredFeatureTests.swift */ = {isa = PBXFileReference; fileEncoding = 4; lastKnownFileType = sourcecode.swift; path = IgnoredFeatureTests.swift; sourceTree = "<group>"; };
		37993BAE1E06796000CD80F9 /* IgnoredScenario.feature */ = {isa = PBXFileReference; fileEncoding = 4; lastKnownFileType = text; path = IgnoredScenario.feature; sourceTree = "<group>"; };
		37993BAF1E06796000CD80F9 /* IgnoredScenarioTests.swift */ = {isa = PBXFileReference; fileEncoding = 4; lastKnownFileType = sourcecode.swift; path = IgnoredScenarioTests.swift; sourceTree = "<group>"; };
		37993BB01E06796000CD80F9 /* ScenarioContext.feature */ = {isa = PBXFileReference; fileEncoding = 4; lastKnownFileType = text; path = ScenarioContext.feature; sourceTree = "<group>"; };
		37993BB11E06796000CD80F9 /* ScenarioContextTests.swift */ = {isa = PBXFileReference; fileEncoding = 4; lastKnownFileType = sourcecode.swift; path = ScenarioContextTests.swift; sourceTree = "<group>"; };
		37993BB21E06796000CD80F9 /* StepParameters.feature */ = {isa = PBXFileReference; fileEncoding = 4; lastKnownFileType = text; path = StepParameters.feature; sourceTree = "<group>"; };
		37993BB31E06796000CD80F9 /* StepParametersTests.swift */ = {isa = PBXFileReference; fileEncoding = 4; lastKnownFileType = sourcecode.swift; path = StepParametersTests.swift; sourceTree = "<group>"; };
		37993BB41E06796000CD80F9 /* Tags.feature */ = {isa = PBXFileReference; fileEncoding = 4; lastKnownFileType = text; path = Tags.feature; sourceTree = "<group>"; };
		37993BB51E06796000CD80F9 /* TagsTests.swift */ = {isa = PBXFileReference; fileEncoding = 4; lastKnownFileType = sourcecode.swift; path = TagsTests.swift; sourceTree = "<group>"; };
		3799842A1ECBA16000784AB7 /* main.swift */ = {isa = PBXFileReference; fileEncoding = 4; lastKnownFileType = sourcecode.swift; path = main.swift; sourceTree = "<group>"; };
		3799842C1ECCCAE100784AB7 /* Builder.swift */ = {isa = PBXFileReference; fileEncoding = 4; lastKnownFileType = sourcecode.swift; path = Builder.swift; sourceTree = "<group>"; };
		3799BB571EFE8DCA00E98071 /* StringExtensions.swift */ = {isa = PBXFileReference; fileEncoding = 4; lastKnownFileType = sourcecode.swift; path = StringExtensions.swift; sourceTree = "<group>"; };
		37A7F6471E165E8900DDB78B /* Todo.txt */ = {isa = PBXFileReference; fileEncoding = 4; lastKnownFileType = text; path = Todo.txt; sourceTree = "<group>"; };
		37ABCE56210F116F00B47B23 /* SwiftSpecPlayground.playground */ = {isa = PBXFileReference; lastKnownFileType = file.playground; path = SwiftSpecPlayground.playground; sourceTree = "<group>"; xcLanguageSpecificationIdentifier = xcode.lang.swift; };
		37E9E784249CEA850015FAC2 /* PickleTestDataFilesTests.swift */ = {isa = PBXFileReference; lastKnownFileType = sourcecode.swift; path = PickleTestDataFilesTests.swift; sourceTree = "<group>"; };
		37E9E788249CEB7A0015FAC2 /* single_parser_error.feature */ = {isa = PBXFileReference; fileEncoding = 4; lastKnownFileType = text; path = single_parser_error.feature; sourceTree = "<group>"; };
		37E9E789249CEB7A0015FAC2 /* invalid_language.feature */ = {isa = PBXFileReference; fileEncoding = 4; lastKnownFileType = text; path = invalid_language.feature; sourceTree = "<group>"; };
		37E9E78A249CEB7A0015FAC2 /* invalid_language.feature.errors.ndjson */ = {isa = PBXFileReference; fileEncoding = 4; lastKnownFileType = text; path = invalid_language.feature.errors.ndjson; sourceTree = "<group>"; };
		37E9E78B249CEB7A0015FAC2 /* unexpected_eof.feature */ = {isa = PBXFileReference; fileEncoding = 4; lastKnownFileType = text; path = unexpected_eof.feature; sourceTree = "<group>"; };
		37E9E78C249CEB7A0015FAC2 /* inconsistent_cell_count.feature.errors.ndjson */ = {isa = PBXFileReference; fileEncoding = 4; lastKnownFileType = text; path = inconsistent_cell_count.feature.errors.ndjson; sourceTree = "<group>"; };
		37E9E78D249CEB7A0015FAC2 /* not_gherkin.feature */ = {isa = PBXFileReference; fileEncoding = 4; lastKnownFileType = text; path = not_gherkin.feature; sourceTree = "<group>"; };
		37E9E78E249CEB7A0015FAC2 /* inconsistent_cell_count.feature */ = {isa = PBXFileReference; fileEncoding = 4; lastKnownFileType = text; path = inconsistent_cell_count.feature; sourceTree = "<group>"; };
		37E9E78F249CEB7A0015FAC2 /* multiple_parser_errors.feature */ = {isa = PBXFileReference; fileEncoding = 4; lastKnownFileType = text; path = multiple_parser_errors.feature; sourceTree = "<group>"; };
		37E9E790249CEB7A0015FAC2 /* whitespace_in_tags.feature */ = {isa = PBXFileReference; fileEncoding = 4; lastKnownFileType = text; path = whitespace_in_tags.feature; sourceTree = "<group>"; };
		37E9E791249CEB7A0015FAC2 /* whitespace_in_tags.feature.errors.ndjson */ = {isa = PBXFileReference; fileEncoding = 4; lastKnownFileType = text; path = whitespace_in_tags.feature.errors.ndjson; sourceTree = "<group>"; };
		37E9E792249CEB7A0015FAC2 /* not_gherkin.feature.errors.ndjson */ = {isa = PBXFileReference; fileEncoding = 4; lastKnownFileType = text; path = not_gherkin.feature.errors.ndjson; sourceTree = "<group>"; };
		37E9E793249CEB7A0015FAC2 /* unexpected_eof.feature.errors.ndjson */ = {isa = PBXFileReference; fileEncoding = 4; lastKnownFileType = text; path = unexpected_eof.feature.errors.ndjson; sourceTree = "<group>"; };
		37E9E794249CEB7A0015FAC2 /* single_parser_error.feature.errors.ndjson */ = {isa = PBXFileReference; fileEncoding = 4; lastKnownFileType = text; path = single_parser_error.feature.errors.ndjson; sourceTree = "<group>"; };
		37E9E795249CEB7A0015FAC2 /* multiple_parser_errors.feature.errors.ndjson */ = {isa = PBXFileReference; fileEncoding = 4; lastKnownFileType = text; path = multiple_parser_errors.feature.errors.ndjson; sourceTree = "<group>"; };
		37E9E851249CEB9F0015FAC2 /* background.feature.ast.ndjson */ = {isa = PBXFileReference; fileEncoding = 4; lastKnownFileType = text; path = background.feature.ast.ndjson; sourceTree = "<group>"; };
		37E9E853249CEC7E0015FAC2 /* background.feature */ = {isa = PBXFileReference; fileEncoding = 4; lastKnownFileType = text; path = background.feature; sourceTree = "<group>"; };
		37E9E854249CFCD10015FAC2 /* PickledFeature.swift */ = {isa = PBXFileReference; lastKnownFileType = sourcecode.swift; path = PickledFeature.swift; sourceTree = "<group>"; };
		37E9E856249D13330015FAC2 /* GherkinSwift */ = {isa = PBXFileReference; lastKnownFileType = folder; name = GherkinSwift; path = ../GherkinSwift; sourceTree = "<group>"; };
		OBJ_14 /* SwiftSpec.framework */ = {isa = PBXFileReference; explicitFileType = wrapper.framework; path = SwiftSpec.framework; sourceTree = BUILT_PRODUCTS_DIR; };
		OBJ_15 /* SwiftSpecTests.xctest */ = {isa = PBXFileReference; explicitFileType = wrapper.cfbundle; path = SwiftSpecTests.xctest; sourceTree = BUILT_PRODUCTS_DIR; };
		OBJ_6 /* Package.swift */ = {isa = PBXFileReference; explicitFileType = sourcecode.swift; path = Package.swift; sourceTree = "<group>"; };
/* End PBXFileReference section */

/* Begin PBXFrameworksBuildPhase section */
		OBJ_22 /* Frameworks */ = {
			isa = PBXFrameworksBuildPhase;
			buildActionMask = 0;
			files = (
				37E9E859249D13F30015FAC2 /* GherkinSwift in Frameworks */,
			);
			runOnlyForDeploymentPostprocessing = 0;
		};
		OBJ_29 /* Frameworks */ = {
			isa = PBXFrameworksBuildPhase;
			buildActionMask = 0;
			files = (
				OBJ_30 /* SwiftSpec.framework in Frameworks */,
			);
			runOnlyForDeploymentPostprocessing = 0;
		};
/* End PBXFrameworksBuildPhase section */

/* Begin PBXGroup section */
		378285631EE3EF1500728165 /* Frameworks */ = {
			isa = PBXGroup;
			children = (
			);
			name = Frameworks;
			sourceTree = "<group>";
		};
		37993B261DFD51A600CD80F9 /* TableTests */ = {
			isa = PBXGroup;
			children = (
				37993B271DFD51D200CD80F9 /* TableColumnsTests.swift */,
				37993B281DFD51D200CD80F9 /* TableEqualityTests.swift */,
				37993B291DFD51D200CD80F9 /* TableRowsTests.swift */,
			);
			path = TableTests;
			sourceTree = "<group>";
		};
		37993B2D1DFD52F100CD80F9 /* SwiftSpec */ = {
			isa = PBXGroup;
			children = (
				3799842C1ECCCAE100784AB7 /* Builder.swift */,
				37993B981DFD5AF300CD80F9 /* CocoaFileSystem.swift */,
				37993B991DFD5AF300CD80F9 /* FileSystem.swift */,
				37993B9A1DFD5AF300CD80F9 /* UnitTestGenerator.swift */,
				37993B9B1DFD5AF300CD80F9 /* XCUnitTestGenerator.swift */,
				37993B871DFD589400CD80F9 /* Reflection.swift */,
				37993B631DFD577700CD80F9 /* ScenarioContext.swift */,
				37993BA01DFD5BAD00CD80F9 /* TestFileWriter.swift */,
				37993B701DFD584C00CD80F9 /* TestRunner */,
				37993B2E1DFD52F100CD80F9 /* Entities */,
				37993B4A1DFD563B00CD80F9 /* Parsing */,
				3799BB571EFE8DCA00E98071 /* StringExtensions.swift */,
			);
			path = SwiftSpec;
			sourceTree = "<group>";
		};
		37993B2E1DFD52F100CD80F9 /* Entities */ = {
			isa = PBXGroup;
			children = (
				37993B401DFD55FE00CD80F9 /* Feature.swift */,
				37993B411DFD55FE00CD80F9 /* HasTitle.swift */,
				37993B421DFD55FE00CD80F9 /* Scenario.swift */,
				37993B431DFD55FE00CD80F9 /* Step.swift */,
				37993B441DFD55FE00CD80F9 /* Taggable.swift */,
				37E9E854249CFCD10015FAC2 /* PickledFeature.swift */,
			);
			path = Entities;
			sourceTree = "<group>";
		};
		37993B331DFD55CF00CD80F9 /* ParsingTests */ = {
			isa = PBXGroup;
			children = (
				37993B341DFD55CF00CD80F9 /* ParseFeatureInformationTests.swift */,
				37993B351DFD55CF00CD80F9 /* ParseScenarioOutlinesTests.swift */,
				37993B361DFD55CF00CD80F9 /* ParseScenariosTests.swift */,
				37993B371DFD55CF00CD80F9 /* ParseSeveralFeaturesWithSameInstance.swift */,
				37993B381DFD55CF00CD80F9 /* ParseTagsTest.swift */,
				37993B391DFD55CF00CD80F9 /* TestParseBase.swift */,
			);
			path = ParsingTests;
			sourceTree = "<group>";
		};
		37993B4A1DFD563B00CD80F9 /* Parsing */ = {
			isa = PBXGroup;
			children = (
				37993B4B1DFD563B00CD80F9 /* FeatureParser.swift */,
				37993B4C1DFD563B00CD80F9 /* FeatureScanner.swift */,
				37993B4D1DFD563B00CD80F9 /* GherkinFeatureParser.swift */,
				37993B4E1DFD563B00CD80F9 /* ScanningStringExtension.swift */,
				37993B4F1DFD563B00CD80F9 /* ScenarioOutlineScanner.swift */,
				37993B501DFD563B00CD80F9 /* ScenarioScanner.swift */,
				37993B511DFD563B00CD80F9 /* StepScanner.swift */,
				37993B521DFD563B00CD80F9 /* TableScanner.swift */,
				37993B531DFD563B00CD80F9 /* TagScanner.swift */,
			);
			path = Parsing;
			sourceTree = "<group>";
		};
		37993B651DFD583600CD80F9 /* TestExecutionTests */ = {
			isa = PBXGroup;
			children = (
				37993B661DFD583600CD80F9 /* ExecuteRegistredBindingTests.swift */,
				37993B671DFD583600CD80F9 /* ExecuteStepBindingFunctionTests.swift */,
				37993B681DFD583600CD80F9 /* MatchesTests.swift */,
				37993B691DFD583600CD80F9 /* MockBindingsRepository.swift */,
				37993B6A1DFD583600CD80F9 /* MockStepBinding.swift */,
			);
			path = TestExecutionTests;
			sourceTree = "<group>";
		};
		37993B701DFD584C00CD80F9 /* TestRunner */ = {
			isa = PBXGroup;
			children = (
				37993B711DFD584C00CD80F9 /* Bindings.swift */,
				37993B721DFD584C00CD80F9 /* BindingsParameters.swift */,
				37993B731DFD584C00CD80F9 /* BindingsRegistry.swift */,
				37993B741DFD584C00CD80F9 /* BindingsRegistryImplementation.swift */,
				37993B751DFD584C00CD80F9 /* BindingsRepository.swift */,
				37993B761DFD584C00CD80F9 /* BindingsRepositoryImplementation.swift */,
				37993B771DFD584C00CD80F9 /* Ignore.swift */,
				37993B781DFD584C00CD80F9 /* StepBinding.swift */,
				37993B791DFD584C00CD80F9 /* StepBindingImplementation.swift */,
				37993B7A1DFD584C00CD80F9 /* TestExecutionError.swift */,
				37993B7B1DFD584C00CD80F9 /* TestRunner.swift */,
			);
			path = TestRunner;
			sourceTree = "<group>";
		};
		37993B891DFD5A9A00CD80F9 /* UnitTestFileGenerationTests */ = {
			isa = PBXGroup;
			children = (
				37993B8A1DFD5A9A00CD80F9 /* ContentOfGeneratedUnitTestFilesTests.swift */,
				37993B8B1DFD5A9A00CD80F9 /* GeneratedUnitTestFilesTests.swift */,
				37993B8C1DFD5A9A00CD80F9 /* MockFeatureParser.swift */,
				37993B8D1DFD5A9A00CD80F9 /* MockFileSystem.swift */,
				37993B8E1DFD5A9A00CD80F9 /* MockUnitTestGenerator.swift */,
				37993B8F1DFD5A9A00CD80F9 /* ScenarioContentUnitTestTests.swift */,
				37993B901DFD5A9A00CD80F9 /* TestFileGenerationBase.swift */,
			);
			path = UnitTestFileGenerationTests;
			sourceTree = "<group>";
		};
		37993BA41E06796000CD80F9 /* Features */ = {
			isa = PBXGroup;
			children = (
				37993BA51E06796000CD80F9 /* BasicFeature.feature */,
				37993BA61E06796000CD80F9 /* BasicFeatureTests.swift */,
				37993BA71E06796000CD80F9 /* Bindings */,
				37993BAC1E06796000CD80F9 /* IgnoredFeature.feature */,
				37993BAD1E06796000CD80F9 /* IgnoredFeatureTests.swift */,
				37993BAE1E06796000CD80F9 /* IgnoredScenario.feature */,
				37993BAF1E06796000CD80F9 /* IgnoredScenarioTests.swift */,
				37993BB01E06796000CD80F9 /* ScenarioContext.feature */,
				37993BB11E06796000CD80F9 /* ScenarioContextTests.swift */,
				37993BB21E06796000CD80F9 /* StepParameters.feature */,
				37993BB31E06796000CD80F9 /* StepParametersTests.swift */,
				37993BB41E06796000CD80F9 /* Tags.feature */,
				37993BB51E06796000CD80F9 /* TagsTests.swift */,
			);
			name = Features;
			path = SwiftSpecTests/Features;
			sourceTree = "<group>";
		};
		37993BA71E06796000CD80F9 /* Bindings */ = {
			isa = PBXGroup;
			children = (
				37993BA81E06796000CD80F9 /* BasicFeatureBindings.swift */,
				37993BA91E06796000CD80F9 /* ScenarioContextBindings.swift */,
				37993BAA1E06796000CD80F9 /* StepParameterBindings.swift */,
				37993BAB1E06796000CD80F9 /* TagsBindings.swift */,
			);
			path = Bindings;
			sourceTree = "<group>";
		};
		379984291ECBA12800784AB7 /* SwiftSpecConsole */ = {
			isa = PBXGroup;
			children = (
				3799842A1ECBA16000784AB7 /* main.swift */,
			);
			path = SwiftSpecConsole;
			sourceTree = "<group>";
		};
		37E9E783249CEA710015FAC2 /* PickleTests */ = {
			isa = PBXGroup;
			children = (
				37E9E784249CEA850015FAC2 /* PickleTestDataFilesTests.swift */,
			);
			path = PickleTests;
			sourceTree = "<group>";
		};
		37E9E786249CEB7A0015FAC2 /* testdata */ = {
			isa = PBXGroup;
			children = (
				37E9E787249CEB7A0015FAC2 /* bad */,
				37E9E796249CEB7A0015FAC2 /* good */,
			);
			path = testdata;
			sourceTree = "<group>";
		};
		37E9E787249CEB7A0015FAC2 /* bad */ = {
			isa = PBXGroup;
			children = (
				37E9E788249CEB7A0015FAC2 /* single_parser_error.feature */,
				37E9E789249CEB7A0015FAC2 /* invalid_language.feature */,
				37E9E78A249CEB7A0015FAC2 /* invalid_language.feature.errors.ndjson */,
				37E9E78B249CEB7A0015FAC2 /* unexpected_eof.feature */,
				37E9E78C249CEB7A0015FAC2 /* inconsistent_cell_count.feature.errors.ndjson */,
				37E9E78D249CEB7A0015FAC2 /* not_gherkin.feature */,
				37E9E78E249CEB7A0015FAC2 /* inconsistent_cell_count.feature */,
				37E9E78F249CEB7A0015FAC2 /* multiple_parser_errors.feature */,
				37E9E790249CEB7A0015FAC2 /* whitespace_in_tags.feature */,
				37E9E791249CEB7A0015FAC2 /* whitespace_in_tags.feature.errors.ndjson */,
				37E9E792249CEB7A0015FAC2 /* not_gherkin.feature.errors.ndjson */,
				37E9E793249CEB7A0015FAC2 /* unexpected_eof.feature.errors.ndjson */,
				37E9E794249CEB7A0015FAC2 /* single_parser_error.feature.errors.ndjson */,
				37E9E795249CEB7A0015FAC2 /* multiple_parser_errors.feature.errors.ndjson */,
			);
			path = bad;
			sourceTree = "<group>";
		};
		37E9E796249CEB7A0015FAC2 /* good */ = {
			isa = PBXGroup;
			children = (
				37E9E853249CEC7E0015FAC2 /* background.feature */,
				37E9E851249CEB9F0015FAC2 /* background.feature.ast.ndjson */,
			);
			path = good;
			sourceTree = "<group>";
		};
		OBJ_10 /* Tests */ = {
			isa = PBXGroup;
			children = (
				37993BA41E06796000CD80F9 /* Features */,
				OBJ_11 /* SwiftSpecTests */,
			);
			path = Tests;
			sourceTree = "<group>";
		};
		OBJ_11 /* SwiftSpecTests */ = {
			isa = PBXGroup;
			children = (
				37E9E786249CEB7A0015FAC2 /* testdata */,
				37E9E783249CEA710015FAC2 /* PickleTests */,
				37993B5F1DFD574C00CD80F9 /* SetAndGetScenarioContextValuesTests.swift */,
				371F3D9B2103467600F2B87E /* ReflectionTests.swift */,
				37993B891DFD5A9A00CD80F9 /* UnitTestFileGenerationTests */,
				37993B651DFD583600CD80F9 /* TestExecutionTests */,
				37993B331DFD55CF00CD80F9 /* ParsingTests */,
				37993B261DFD51A600CD80F9 /* TableTests */,
			);
			name = SwiftSpecTests;
			path = Tests/SwiftSpecTests;
			sourceTree = SOURCE_ROOT;
		};
		OBJ_13 /* Products */ = {
			isa = PBXGroup;
			children = (
				OBJ_14 /* SwiftSpec.framework */,
				OBJ_15 /* SwiftSpecTests.xctest */,
			);
			name = Products;
			sourceTree = BUILT_PRODUCTS_DIR;
		};
		OBJ_5 = {
			isa = PBXGroup;
			children = (
				37E9E856249D13330015FAC2 /* GherkinSwift */,
				37ABCE56210F116F00B47B23 /* SwiftSpecPlayground.playground */,
				37A7F6471E165E8900DDB78B /* Todo.txt */,
				37993B241DFD48DE00CD80F9 /* README.md */,
				OBJ_6 /* Package.swift */,
				OBJ_7 /* Sources */,
				OBJ_10 /* Tests */,
				OBJ_13 /* Products */,
				378285631EE3EF1500728165 /* Frameworks */,
			);
			sourceTree = "<group>";
		};
		OBJ_7 /* Sources */ = {
			isa = PBXGroup;
			children = (
				379984291ECBA12800784AB7 /* SwiftSpecConsole */,
				37993B2D1DFD52F100CD80F9 /* SwiftSpec */,
			);
			path = Sources;
			sourceTree = "<group>";
		};
/* End PBXGroup section */

/* Begin PBXNativeTarget section */
		OBJ_16 /* SwiftSpec */ = {
			isa = PBXNativeTarget;
			buildConfigurationList = OBJ_17 /* Build configuration list for PBXNativeTarget "SwiftSpec" */;
			buildPhases = (
				OBJ_20 /* Sources */,
				OBJ_22 /* Frameworks */,
			);
			buildRules = (
			);
			dependencies = (
			);
			name = SwiftSpec;
			packageProductDependencies = (
				37E9E858249D13F30015FAC2 /* GherkinSwift */,
			);
			productName = SwiftSpec;
			productReference = OBJ_14 /* SwiftSpec.framework */;
			productType = "com.apple.product-type.framework";
		};
		OBJ_23 /* SwiftSpecTests */ = {
			isa = PBXNativeTarget;
			buildConfigurationList = OBJ_24 /* Build configuration list for PBXNativeTarget "SwiftSpecTests" */;
			buildPhases = (
				OBJ_27 /* Sources */,
				OBJ_29 /* Frameworks */,
			);
			buildRules = (
			);
			dependencies = (
				OBJ_31 /* PBXTargetDependency */,
			);
			name = SwiftSpecTests;
			productName = SwiftSpecTests;
			productReference = OBJ_15 /* SwiftSpecTests.xctest */;
			productType = "com.apple.product-type.bundle.unit-test";
		};
/* End PBXNativeTarget section */

/* Begin PBXProject section */
		OBJ_1 /* Project object */ = {
			isa = PBXProject;
			attributes = {
				LastUpgradeCheck = 9999;
				TargetAttributes = {
					OBJ_16 = {
						LastSwiftMigration = 1020;
					};
					OBJ_23 = {
						LastSwiftMigration = 1020;
					};
				};
			};
			buildConfigurationList = OBJ_2 /* Build configuration list for PBXProject "SwiftSpec" */;
			compatibilityVersion = "Xcode 3.2";
			developmentRegion = English;
			hasScannedForEncodings = 0;
			knownRegions = (
				English,
				en,
			);
			mainGroup = OBJ_5;
			packageReferences = (
				37E9E857249D13F30015FAC2 /* XCRemoteSwiftPackageReference "GherkinSwift" */,
			);
			productRefGroup = OBJ_13 /* Products */;
			projectDirPath = "";
			projectRoot = "";
			targets = (
				OBJ_16 /* SwiftSpec */,
				OBJ_23 /* SwiftSpecTests */,
			);
		};
/* End PBXProject section */

/* Begin PBXSourcesBuildPhase section */
		OBJ_20 /* Sources */ = {
			isa = PBXSourcesBuildPhase;
			buildActionMask = 0;
			files = (
				37993B451DFD55FE00CD80F9 /* Feature.swift in Sources */,
				37993B641DFD577700CD80F9 /* ScenarioContext.swift in Sources */,
				3799842B1ECBA16000784AB7 /* main.swift in Sources */,
				37993B5C1DFD563B00CD80F9 /* TagScanner.swift in Sources */,
				37993B831DFD584C00CD80F9 /* StepBinding.swift in Sources */,
				37993B7E1DFD584C00CD80F9 /* BindingsRegistry.swift in Sources */,
				37993B811DFD584C00CD80F9 /* BindingsRepositoryImplementation.swift in Sources */,
				37993B821DFD584C00CD80F9 /* Ignore.swift in Sources */,
				37E9E855249CFCD10015FAC2 /* PickledFeature.swift in Sources */,
				37993B881DFD589400CD80F9 /* Reflection.swift in Sources */,
				37993B571DFD563B00CD80F9 /* ScanningStringExtension.swift in Sources */,
				37993B801DFD584C00CD80F9 /* BindingsRepository.swift in Sources */,
				37993B591DFD563B00CD80F9 /* ScenarioScanner.swift in Sources */,
				37993B491DFD55FE00CD80F9 /* Taggable.swift in Sources */,
				37993B851DFD584C00CD80F9 /* TestExecutionError.swift in Sources */,
				37993B9E1DFD5AF300CD80F9 /* UnitTestGenerator.swift in Sources */,
				37993B551DFD563B00CD80F9 /* FeatureScanner.swift in Sources */,
				37993B9D1DFD5AF300CD80F9 /* FileSystem.swift in Sources */,
				37993B7D1DFD584C00CD80F9 /* BindingsParameters.swift in Sources */,
				3799BB581EFE8DCA00E98071 /* StringExtensions.swift in Sources */,
				37993B7C1DFD584C00CD80F9 /* Bindings.swift in Sources */,
				37993B471DFD55FE00CD80F9 /* Scenario.swift in Sources */,
				37993B7F1DFD584C00CD80F9 /* BindingsRegistryImplementation.swift in Sources */,
				37993B461DFD55FE00CD80F9 /* HasTitle.swift in Sources */,
				37993B861DFD584C00CD80F9 /* TestRunner.swift in Sources */,
				37993B481DFD55FE00CD80F9 /* Step.swift in Sources */,
				37993B581DFD563B00CD80F9 /* ScenarioOutlineScanner.swift in Sources */,
				37993B5B1DFD563B00CD80F9 /* TableScanner.swift in Sources */,
				37993B561DFD563B00CD80F9 /* GherkinFeatureParser.swift in Sources */,
				37993B9C1DFD5AF300CD80F9 /* CocoaFileSystem.swift in Sources */,
				3799842D1ECCCAE100784AB7 /* Builder.swift in Sources */,
				37993B841DFD584C00CD80F9 /* StepBindingImplementation.swift in Sources */,
				37993B5A1DFD563B00CD80F9 /* StepScanner.swift in Sources */,
				37993B9F1DFD5AF300CD80F9 /* XCUnitTestGenerator.swift in Sources */,
				37993B541DFD563B00CD80F9 /* FeatureParser.swift in Sources */,
				37993BA11DFD5BAD00CD80F9 /* TestFileWriter.swift in Sources */,
			);
			runOnlyForDeploymentPostprocessing = 0;
		};
		OBJ_27 /* Sources */ = {
			isa = PBXSourcesBuildPhase;
			buildActionMask = 0;
			files = (
				37993BB91E06796000CD80F9 /* StepParameterBindings.swift in Sources */,
				37E9E785249CEA850015FAC2 /* PickleTestDataFilesTests.swift in Sources */,
				37993B3E1DFD55CF00CD80F9 /* ParseTagsTest.swift in Sources */,
				37993B6F1DFD583600CD80F9 /* MockStepBinding.swift in Sources */,
				37993B2A1DFD51D200CD80F9 /* TableColumnsTests.swift in Sources */,
				37993BBB1E06796000CD80F9 /* IgnoredFeatureTests.swift in Sources */,
				37993B6B1DFD583600CD80F9 /* ExecuteRegistredBindingTests.swift in Sources */,
				37993BBD1E06796000CD80F9 /* ScenarioContextTests.swift in Sources */,
				37993B961DFD5A9A00CD80F9 /* ScenarioContentUnitTestTests.swift in Sources */,
				37993B931DFD5A9A00CD80F9 /* MockFeatureParser.swift in Sources */,
				37993B3A1DFD55CF00CD80F9 /* ParseFeatureInformationTests.swift in Sources */,
				37993BBC1E06796000CD80F9 /* IgnoredScenarioTests.swift in Sources */,
				37993B3F1DFD55CF00CD80F9 /* TestParseBase.swift in Sources */,
				37993B2C1DFD51D200CD80F9 /* TableRowsTests.swift in Sources */,
				37993B6C1DFD583600CD80F9 /* ExecuteStepBindingFunctionTests.swift in Sources */,
				37993B3D1DFD55CF00CD80F9 /* ParseSeveralFeaturesWithSameInstance.swift in Sources */,
				37993B3C1DFD55CF00CD80F9 /* ParseScenariosTests.swift in Sources */,
				37993BBA1E06796000CD80F9 /* TagsBindings.swift in Sources */,
				37993B2B1DFD51D200CD80F9 /* TableEqualityTests.swift in Sources */,
				37993B951DFD5A9A00CD80F9 /* MockUnitTestGenerator.swift in Sources */,
				37993B3B1DFD55CF00CD80F9 /* ParseScenarioOutlinesTests.swift in Sources */,
				37993B611DFD574C00CD80F9 /* SetAndGetScenarioContextValuesTests.swift in Sources */,
				37993B971DFD5A9A00CD80F9 /* TestFileGenerationBase.swift in Sources */,
				37993BBE1E06796000CD80F9 /* StepParametersTests.swift in Sources */,
				37993B6E1DFD583600CD80F9 /* MockBindingsRepository.swift in Sources */,
				37993BB61E06796000CD80F9 /* BasicFeatureTests.swift in Sources */,
				37993B921DFD5A9A00CD80F9 /* GeneratedUnitTestFilesTests.swift in Sources */,
				37993B911DFD5A9A00CD80F9 /* ContentOfGeneratedUnitTestFilesTests.swift in Sources */,
				37993BB71E06796000CD80F9 /* BasicFeatureBindings.swift in Sources */,
				37993BB81E06796000CD80F9 /* ScenarioContextBindings.swift in Sources */,
				37993B941DFD5A9A00CD80F9 /* MockFileSystem.swift in Sources */,
				37993B6D1DFD583600CD80F9 /* MatchesTests.swift in Sources */,
				37993BBF1E06796000CD80F9 /* TagsTests.swift in Sources */,
				371F3D9C2103467600F2B87E /* ReflectionTests.swift in Sources */,
			);
			runOnlyForDeploymentPostprocessing = 0;
		};
/* End PBXSourcesBuildPhase section */

/* Begin PBXTargetDependency section */
		OBJ_31 /* PBXTargetDependency */ = {
			isa = PBXTargetDependency;
			target = OBJ_16 /* SwiftSpec */;
			targetProxy = 37993B231DFD474800CD80F9 /* PBXContainerItemProxy */;
		};
/* End PBXTargetDependency section */

/* Begin XCBuildConfiguration section */
		OBJ_18 /* Debug */ = {
			isa = XCBuildConfiguration;
			buildSettings = {
				ENABLE_TESTABILITY = YES;
				FRAMEWORK_SEARCH_PATHS = "$(PLATFORM_DIR)/Developer/Library/Frameworks";
				HEADER_SEARCH_PATHS = "";
				INFOPLIST_FILE = SwiftSpec.xcodeproj/SwiftSpec_Info.plist;
				LD_RUNPATH_SEARCH_PATHS = "$(TOOLCHAIN_DIR)/usr/lib/swift/macosx";
				OTHER_LDFLAGS = "$(inherited)";
				OTHER_SWIFT_FLAGS = "$(inherited)";
				PRODUCT_BUNDLE_IDENTIFIER = SwiftSpec;
				PRODUCT_MODULE_NAME = "$(TARGET_NAME:c99extidentifier)";
				PRODUCT_NAME = "$(TARGET_NAME:c99extidentifier)";
				SUPPORTED_PLATFORMS = macosx;
				SWIFT_ACTIVE_COMPILATION_CONDITIONS = SWIFT_PACKAGE;
				SWIFT_VERSION = 5.0;
				TARGET_NAME = SwiftSpec;
			};
			name = Debug;
		};
		OBJ_19 /* Release */ = {
			isa = XCBuildConfiguration;
			buildSettings = {
				ENABLE_TESTABILITY = YES;
				FRAMEWORK_SEARCH_PATHS = "$(PLATFORM_DIR)/Developer/Library/Frameworks";
				HEADER_SEARCH_PATHS = "";
				INFOPLIST_FILE = SwiftSpec.xcodeproj/SwiftSpec_Info.plist;
				LD_RUNPATH_SEARCH_PATHS = "$(TOOLCHAIN_DIR)/usr/lib/swift/macosx";
				OTHER_LDFLAGS = "$(inherited)";
				OTHER_SWIFT_FLAGS = "$(inherited)";
				PRODUCT_BUNDLE_IDENTIFIER = SwiftSpec;
				PRODUCT_MODULE_NAME = "$(TARGET_NAME:c99extidentifier)";
				PRODUCT_NAME = "$(TARGET_NAME:c99extidentifier)";
				SUPPORTED_PLATFORMS = macosx;
				SWIFT_ACTIVE_COMPILATION_CONDITIONS = SWIFT_PACKAGE;
				SWIFT_VERSION = 5.0;
				TARGET_NAME = SwiftSpec;
			};
			name = Release;
		};
		OBJ_25 /* Debug */ = {
			isa = XCBuildConfiguration;
			buildSettings = {
				ALWAYS_EMBED_SWIFT_STANDARD_LIBRARIES = YES;
				EMBEDDED_CONTENT_CONTAINS_SWIFT = YES;
				FRAMEWORK_SEARCH_PATHS = "$(PLATFORM_DIR)/Developer/Library/Frameworks";
				HEADER_SEARCH_PATHS = "";
				INFOPLIST_FILE = SwiftSpec.xcodeproj/SwiftSpecTests_Info.plist;
				LD_RUNPATH_SEARCH_PATHS = "@loader_path/../Frameworks";
				OTHER_LDFLAGS = "$(inherited)";
				OTHER_SWIFT_FLAGS = "$(inherited)";
				SUPPORTED_PLATFORMS = macosx;
				SWIFT_ACTIVE_COMPILATION_CONDITIONS = SWIFT_PACKAGE;
				SWIFT_VERSION = 5.0;
				TARGET_NAME = SwiftSpecTests;
			};
			name = Debug;
		};
		OBJ_26 /* Release */ = {
			isa = XCBuildConfiguration;
			buildSettings = {
				ALWAYS_EMBED_SWIFT_STANDARD_LIBRARIES = YES;
				EMBEDDED_CONTENT_CONTAINS_SWIFT = YES;
				FRAMEWORK_SEARCH_PATHS = "$(PLATFORM_DIR)/Developer/Library/Frameworks";
				HEADER_SEARCH_PATHS = "";
				INFOPLIST_FILE = SwiftSpec.xcodeproj/SwiftSpecTests_Info.plist;
				LD_RUNPATH_SEARCH_PATHS = "@loader_path/../Frameworks";
				OTHER_LDFLAGS = "$(inherited)";
				OTHER_SWIFT_FLAGS = "$(inherited)";
				SUPPORTED_PLATFORMS = macosx;
				SWIFT_ACTIVE_COMPILATION_CONDITIONS = SWIFT_PACKAGE;
				SWIFT_VERSION = 5.0;
				TARGET_NAME = SwiftSpecTests;
			};
			name = Release;
		};
		OBJ_3 /* Debug */ = {
			isa = XCBuildConfiguration;
			buildSettings = {
				COMBINE_HIDPI_IMAGES = YES;
				COPY_PHASE_STRIP = NO;
				DEBUG_INFORMATION_FORMAT = dwarf;
				DYLIB_INSTALL_NAME_BASE = "@rpath";
				ENABLE_NS_ASSERTIONS = YES;
				GCC_OPTIMIZATION_LEVEL = 0;
				MACOSX_DEPLOYMENT_TARGET = 10.10;
				ONLY_ACTIVE_ARCH = YES;
				OTHER_SWIFT_FLAGS = "-DXcode";
				PRODUCT_NAME = "$(TARGET_NAME)";
				SUPPORTED_PLATFORMS = "macosx iphoneos iphonesimulator appletvos appletvsimulator watchos watchsimulator";
				SWIFT_OPTIMIZATION_LEVEL = "-Onone";
				USE_HEADERMAP = NO;
			};
			name = Debug;
		};
		OBJ_4 /* Release */ = {
			isa = XCBuildConfiguration;
			buildSettings = {
				COMBINE_HIDPI_IMAGES = YES;
				COPY_PHASE_STRIP = YES;
				DEBUG_INFORMATION_FORMAT = "dwarf-with-dsym";
				DYLIB_INSTALL_NAME_BASE = "@rpath";
				GCC_OPTIMIZATION_LEVEL = s;
				MACOSX_DEPLOYMENT_TARGET = 10.10;
				OTHER_SWIFT_FLAGS = "-DXcode";
				PRODUCT_NAME = "$(TARGET_NAME)";
				SUPPORTED_PLATFORMS = "macosx iphoneos iphonesimulator appletvos appletvsimulator watchos watchsimulator";
				SWIFT_OPTIMIZATION_LEVEL = "-O";
				USE_HEADERMAP = NO;
			};
			name = Release;
		};
/* End XCBuildConfiguration section */

/* Begin XCConfigurationList section */
		OBJ_17 /* Build configuration list for PBXNativeTarget "SwiftSpec" */ = {
			isa = XCConfigurationList;
			buildConfigurations = (
				OBJ_18 /* Debug */,
				OBJ_19 /* Release */,
			);
			defaultConfigurationIsVisible = 0;
			defaultConfigurationName = Debug;
		};
		OBJ_2 /* Build configuration list for PBXProject "SwiftSpec" */ = {
			isa = XCConfigurationList;
			buildConfigurations = (
				OBJ_3 /* Debug */,
				OBJ_4 /* Release */,
			);
			defaultConfigurationIsVisible = 0;
			defaultConfigurationName = Debug;
		};
		OBJ_24 /* Build configuration list for PBXNativeTarget "SwiftSpecTests" */ = {
			isa = XCConfigurationList;
			buildConfigurations = (
				OBJ_25 /* Debug */,
				OBJ_26 /* Release */,
			);
			defaultConfigurationIsVisible = 0;
			defaultConfigurationName = Debug;
		};
/* End XCConfigurationList section */

/* Begin XCRemoteSwiftPackageReference section */
		37E9E857249D13F30015FAC2 /* XCRemoteSwiftPackageReference "GherkinSwift" */ = {
			isa = XCRemoteSwiftPackageReference;
			repositoryURL = "https://github.com/danwaltin/GherkinSwift.git";
			requirement = {
				branch = master;
				kind = branch;
			};
		};
/* End XCRemoteSwiftPackageReference section */

/* Begin XCSwiftPackageProductDependency section */
		37E9E858249D13F30015FAC2 /* GherkinSwift */ = {
			isa = XCSwiftPackageProductDependency;
			package = 37E9E857249D13F30015FAC2 /* XCRemoteSwiftPackageReference "GherkinSwift" */;
			productName = GherkinSwift;
		};
/* End XCSwiftPackageProductDependency section */
	};
	rootObject = OBJ_1 /* Project object */;
}
